
Microsoft Visual Studio Solution File, Format Version 12.00
# Visual Studio Version 16
VisualStudioVersion = 16.0.30717.126
MinimumVisualStudioVersion = 10.0.40219.1
Project("{FAE04EC0-301F-11D3-BF4B-00C04F79EFBC}") = "DiscordThatDoesntEatAllOfMyRam", "DiscordThatDoesntEatAllOfMyRam.csproj", "{F397A034-1BEE-4B3D-9F26-5AA4372084FB}"
EndProject
Global
	GlobalSection(SolutionConfigurationPlatforms) = preSolution
		Debug|Any CPU = Debug|Any CPU
		Release|Any CPU = Release|Any CPU
	EndGlobalSection
	GlobalSection(ProjectConfigurationPlatforms) = postSolution
		{F397A034-1BEE-4B3D-9F26-5AA4372084FB}.Debug|Any CPU.ActiveCfg = Debug|Any CPU
		{F397A034-1BEE-4B3D-9F26-5AA4372084FB}.Debug|Any CPU.Build.0 = Debug|Any CPU
		{F397A034-1BEE-4B3D-9F26-5AA4372084FB}.Release|Any CPU.ActiveCfg = Release|Any CPU
		{F397A034-1BEE-4B3D-9F26-5AA4372084FB}.Release|Any CPU.Build.0 = Release|Any CPU
	EndGlobalSection
	GlobalSection(SolutionProperties) = preSolution
		HideSolutionNode = FALSE
	EndGlobalSection
	GlobalSection(ExtensibilityGlobals) = postSolution
		SolutionGuid = {4A4A2DA6-4EB1-4726-8722-7D29FFB73243}
	EndGlobalSection
EndGlobal
